
Microsoft Visual Studio Solution File, Format Version 12.00
# Visual Studio 15
VisualStudioVersion = 15.0.28307.168
MinimumVisualStudioVersion = 10.0.40219.1
Project("{9A19103F-16F7-4668-BE54-9A1E7A4F7556}") = "Ademund.Utils.Net", "source\Ademund.Utils.Net\Ademund.Utils.Net.csproj", "{110B4FED-79B4-4B2F-B6B4-DF0E621EEF4C}"
EndProject
Project("{2150E333-8FDC-42A3-9474-1A3956D46DE8}") = "source", "source", "{031FF1B0-1250-4B11-B1E2-B5C9B285BAD7}"
EndProject
Project("{9A19103F-16F7-4668-BE54-9A1E7A4F7556}") = "Ademund.Utils.Build", "build\Ademund.Utils.Build.csproj", "{7EE62C42-72D2-4B18-87C2-0C76DF91A0D0}"
EndProject
Project("{2150E333-8FDC-42A3-9474-1A3956D46DE8}") = "build", "build", "{0746C547-DB7B-4991-B02B-8AE12B687AB4}"
EndProject
Project("{2150E333-8FDC-42A3-9474-1A3956D46DE8}") = "tests", "tests", "{C08D787E-E4E6-4F1E-B109-0FF987DFB8FA}"
EndProject
Project("{FAE04EC0-301F-11D3-BF4B-00C04F79EFBC}") = "Ademund.Utils.Net.Tests", "tests\Ademund.Utils.Net.Tests\Ademund.Utils.Net.Tests.csproj", "{A86AE113-8E65-48FE-8500-CF7F54847D75}"
EndProject
Global
	GlobalSection(SolutionConfigurationPlatforms) = preSolution
		Debug|Any CPU = Debug|Any CPU
		Release|Any CPU = Release|Any CPU
	EndGlobalSection
	GlobalSection(ProjectConfigurationPlatforms) = postSolution
		{110B4FED-79B4-4B2F-B6B4-DF0E621EEF4C}.Debug|Any CPU.ActiveCfg = Debug|Any CPU
		{110B4FED-79B4-4B2F-B6B4-DF0E621EEF4C}.Debug|Any CPU.Build.0 = Debug|Any CPU
		{110B4FED-79B4-4B2F-B6B4-DF0E621EEF4C}.Release|Any CPU.ActiveCfg = Release|Any CPU
		{110B4FED-79B4-4B2F-B6B4-DF0E621EEF4C}.Release|Any CPU.Build.0 = Release|Any CPU
		{7EE62C42-72D2-4B18-87C2-0C76DF91A0D0}.Debug|Any CPU.ActiveCfg = Debug|Any CPU
		{7EE62C42-72D2-4B18-87C2-0C76DF91A0D0}.Release|Any CPU.ActiveCfg = Release|Any CPU
		{A86AE113-8E65-48FE-8500-CF7F54847D75}.Debug|Any CPU.ActiveCfg = Debug|Any CPU
		{A86AE113-8E65-48FE-8500-CF7F54847D75}.Debug|Any CPU.Build.0 = Debug|Any CPU
		{A86AE113-8E65-48FE-8500-CF7F54847D75}.Release|Any CPU.ActiveCfg = Release|Any CPU
		{A86AE113-8E65-48FE-8500-CF7F54847D75}.Release|Any CPU.Build.0 = Release|Any CPU
	EndGlobalSection
	GlobalSection(SolutionProperties) = preSolution
		HideSolutionNode = FALSE
	EndGlobalSection
	GlobalSection(NestedProjects) = preSolution
		{110B4FED-79B4-4B2F-B6B4-DF0E621EEF4C} = {031FF1B0-1250-4B11-B1E2-B5C9B285BAD7}
		{7EE62C42-72D2-4B18-87C2-0C76DF91A0D0} = {0746C547-DB7B-4991-B02B-8AE12B687AB4}
		{A86AE113-8E65-48FE-8500-CF7F54847D75} = {C08D787E-E4E6-4F1E-B109-0FF987DFB8FA}
	EndGlobalSection
	GlobalSection(ExtensibilityGlobals) = postSolution
		SolutionGuid = {1B1DAB47-BD65-46B2-8C94-6821D5074728}
	EndGlobalSection
EndGlobal
